
Microsoft Visual Studio Solution File, Format Version 12.00
# Visual Studio Version 17
VisualStudioVersion = 17.5.33424.131
MinimumVisualStudioVersion = 10.0.40219.1
Project("{FAE04EC0-301F-11D3-BF4B-00C04F79EFBC}") = "Welcome4", "Welcome4\Welcome4.csproj", "{EBC46F90-64A3-423C-96E5-A8F0C59BD147}"
EndProject
Global
	GlobalSection(SolutionConfigurationPlatforms) = preSolution
		Debug|Any CPU = Debug|Any CPU
		Release|Any CPU = Release|Any CPU
	EndGlobalSection
	GlobalSection(ProjectConfigurationPlatforms) = postSolution
		{EBC46F90-64A3-423C-96E5-A8F0C59BD147}.Debug|Any CPU.ActiveCfg = Debug|Any CPU
		{EBC46F90-64A3-423C-96E5-A8F0C59BD147}.Debug|Any CPU.Build.0 = Debug|Any CPU
		{EBC46F90-64A3-423C-96E5-A8F0C59BD147}.Release|Any CPU.ActiveCfg = Release|Any CPU
		{EBC46F90-64A3-423C-96E5-A8F0C59BD147}.Release|Any CPU.Build.0 = Release|Any CPU
	EndGlobalSection
	GlobalSection(SolutionProperties) = preSolution
		HideSolutionNode = FALSE
	EndGlobalSection
	GlobalSection(ExtensibilityGlobals) = postSolution
		SolutionGuid = {F6EF7DA0-D7AF-4204-A8CA-4958077E91D2}
	EndGlobalSection
EndGlobal
