
Microsoft Visual Studio Solution File, Format Version 12.00
# Visual Studio Version 17
VisualStudioVersion = 17.5.33424.131
MinimumVisualStudioVersion = 10.0.40219.1
Project("{FAE04EC0-301F-11D3-BF4B-00C04F79EFBC}") = "InitArray", "InitArray\InitArray.csproj", "{174799C7-C6AB-4A6D-B0AB-40C59606ECC5}"
EndProject
Global
	GlobalSection(SolutionConfigurationPlatforms) = preSolution
		Debug|Any CPU = Debug|Any CPU
		Release|Any CPU = Release|Any CPU
	EndGlobalSection
	GlobalSection(ProjectConfigurationPlatforms) = postSolution
		{174799C7-C6AB-4A6D-B0AB-40C59606ECC5}.Debug|Any CPU.ActiveCfg = Debug|Any CPU
		{174799C7-C6AB-4A6D-B0AB-40C59606ECC5}.Debug|Any CPU.Build.0 = Debug|Any CPU
		{174799C7-C6AB-4A6D-B0AB-40C59606ECC5}.Release|Any CPU.ActiveCfg = Release|Any CPU
		{174799C7-C6AB-4A6D-B0AB-40C59606ECC5}.Release|Any CPU.Build.0 = Release|Any CPU
	EndGlobalSection
	GlobalSection(SolutionProperties) = preSolution
		HideSolutionNode = FALSE
	EndGlobalSection
	GlobalSection(ExtensibilityGlobals) = postSolution
		SolutionGuid = {0D8BE8C6-D66F-4D5E-A002-4C458CD3240C}
	EndGlobalSection
EndGlobal
