
Microsoft Visual Studio Solution File, Format Version 12.00
# Visual Studio Version 17
VisualStudioVersion = 17.5.33424.131
MinimumVisualStudioVersion = 10.0.40219.1
Project("{FAE04EC0-301F-11D3-BF4B-00C04F79EFBC}") = "CountNumbers", "CountNumbers\CountNumbers.csproj", "{2FA0C2B7-1A41-49F6-924C-8B56B5758D28}"
EndProject
Global
	GlobalSection(SolutionConfigurationPlatforms) = preSolution
		Debug|Any CPU = Debug|Any CPU
		Release|Any CPU = Release|Any CPU
	EndGlobalSection
	GlobalSection(ProjectConfigurationPlatforms) = postSolution
		{2FA0C2B7-1A41-49F6-924C-8B56B5758D28}.Debug|Any CPU.ActiveCfg = Debug|Any CPU
		{2FA0C2B7-1A41-49F6-924C-8B56B5758D28}.Debug|Any CPU.Build.0 = Debug|Any CPU
		{2FA0C2B7-1A41-49F6-924C-8B56B5758D28}.Release|Any CPU.ActiveCfg = Release|Any CPU
		{2FA0C2B7-1A41-49F6-924C-8B56B5758D28}.Release|Any CPU.Build.0 = Release|Any CPU
	EndGlobalSection
	GlobalSection(SolutionProperties) = preSolution
		HideSolutionNode = FALSE
	EndGlobalSection
	GlobalSection(ExtensibilityGlobals) = postSolution
		SolutionGuid = {4F7E7B51-6033-4D6E-8627-CBB7678E42AD}
	EndGlobalSection
EndGlobal
