
Microsoft Visual Studio Solution File, Format Version 12.00
# Visual Studio Version 17
VisualStudioVersion = 17.5.33424.131
MinimumVisualStudioVersion = 10.0.40219.1
Project("{FAE04EC0-301F-11D3-BF4B-00C04F79EFBC}") = "AgeComparison", "AgeComparison\AgeComparison.csproj", "{08AF31A7-0DC2-437B-92D3-27D48236B7EE}"
EndProject
Global
	GlobalSection(SolutionConfigurationPlatforms) = preSolution
		Debug|Any CPU = Debug|Any CPU
		Release|Any CPU = Release|Any CPU
	EndGlobalSection
	GlobalSection(ProjectConfigurationPlatforms) = postSolution
		{08AF31A7-0DC2-437B-92D3-27D48236B7EE}.Debug|Any CPU.ActiveCfg = Debug|Any CPU
		{08AF31A7-0DC2-437B-92D3-27D48236B7EE}.Debug|Any CPU.Build.0 = Debug|Any CPU
		{08AF31A7-0DC2-437B-92D3-27D48236B7EE}.Release|Any CPU.ActiveCfg = Release|Any CPU
		{08AF31A7-0DC2-437B-92D3-27D48236B7EE}.Release|Any CPU.Build.0 = Release|Any CPU
	EndGlobalSection
	GlobalSection(SolutionProperties) = preSolution
		HideSolutionNode = FALSE
	EndGlobalSection
	GlobalSection(ExtensibilityGlobals) = postSolution
		SolutionGuid = {6962CA08-5270-445E-A618-4DFAA75F47AF}
	EndGlobalSection
EndGlobal
