
Microsoft Visual Studio Solution File, Format Version 12.00
# Visual Studio Version 17
VisualStudioVersion = 17.5.33424.131
MinimumVisualStudioVersion = 10.0.40219.1
Project("{FAE04EC0-301F-11D3-BF4B-00C04F79EFBC}") = "WhileCounter", "WhileCounter\WhileCounter.csproj", "{254509DF-0B9C-48E1-805F-A63562A35703}"
EndProject
Global
	GlobalSection(SolutionConfigurationPlatforms) = preSolution
		Debug|Any CPU = Debug|Any CPU
		Release|Any CPU = Release|Any CPU
	EndGlobalSection
	GlobalSection(ProjectConfigurationPlatforms) = postSolution
		{254509DF-0B9C-48E1-805F-A63562A35703}.Debug|Any CPU.ActiveCfg = Debug|Any CPU
		{254509DF-0B9C-48E1-805F-A63562A35703}.Debug|Any CPU.Build.0 = Debug|Any CPU
		{254509DF-0B9C-48E1-805F-A63562A35703}.Release|Any CPU.ActiveCfg = Release|Any CPU
		{254509DF-0B9C-48E1-805F-A63562A35703}.Release|Any CPU.Build.0 = Release|Any CPU
	EndGlobalSection
	GlobalSection(SolutionProperties) = preSolution
		HideSolutionNode = FALSE
	EndGlobalSection
	GlobalSection(ExtensibilityGlobals) = postSolution
		SolutionGuid = {529420E5-3C1B-4073-9AEF-64A26DF3AE99}
	EndGlobalSection
EndGlobal
