
Microsoft Visual Studio Solution File, Format Version 12.00
# Visual Studio Version 17
VisualStudioVersion = 17.5.33424.131
MinimumVisualStudioVersion = 10.0.40219.1
Project("{FAE04EC0-301F-11D3-BF4B-00C04F79EFBC}") = "OperacoesMatematicas", "OperacoesMatematicas\OperacoesMatematicas.csproj", "{CB1CDA8C-C4A9-4ED1-B188-23F8DE97E8B0}"
EndProject
Global
	GlobalSection(SolutionConfigurationPlatforms) = preSolution
		Debug|Any CPU = Debug|Any CPU
		Release|Any CPU = Release|Any CPU
	EndGlobalSection
	GlobalSection(ProjectConfigurationPlatforms) = postSolution
		{CB1CDA8C-C4A9-4ED1-B188-23F8DE97E8B0}.Debug|Any CPU.ActiveCfg = Debug|Any CPU
		{CB1CDA8C-C4A9-4ED1-B188-23F8DE97E8B0}.Debug|Any CPU.Build.0 = Debug|Any CPU
		{CB1CDA8C-C4A9-4ED1-B188-23F8DE97E8B0}.Release|Any CPU.ActiveCfg = Release|Any CPU
		{CB1CDA8C-C4A9-4ED1-B188-23F8DE97E8B0}.Release|Any CPU.Build.0 = Release|Any CPU
	EndGlobalSection
	GlobalSection(SolutionProperties) = preSolution
		HideSolutionNode = FALSE
	EndGlobalSection
	GlobalSection(ExtensibilityGlobals) = postSolution
		SolutionGuid = {99D3B7CF-7C56-449E-8C70-F9F92F7AA189}
	EndGlobalSection
EndGlobal
