
Microsoft Visual Studio Solution File, Format Version 12.00
# Visual Studio Version 17
VisualStudioVersion = 17.5.33424.131
MinimumVisualStudioVersion = 10.0.40219.1
Project("{FAE04EC0-301F-11D3-BF4B-00C04F79EFBC}") = "Welcome1", "Welcome1\Welcome1.csproj", "{C6DBD243-42BA-4338-A213-CA8B9C8EDF2F}"
EndProject
Global
	GlobalSection(SolutionConfigurationPlatforms) = preSolution
		Debug|Any CPU = Debug|Any CPU
		Release|Any CPU = Release|Any CPU
	EndGlobalSection
	GlobalSection(ProjectConfigurationPlatforms) = postSolution
		{C6DBD243-42BA-4338-A213-CA8B9C8EDF2F}.Debug|Any CPU.ActiveCfg = Debug|Any CPU
		{C6DBD243-42BA-4338-A213-CA8B9C8EDF2F}.Debug|Any CPU.Build.0 = Debug|Any CPU
		{C6DBD243-42BA-4338-A213-CA8B9C8EDF2F}.Release|Any CPU.ActiveCfg = Release|Any CPU
		{C6DBD243-42BA-4338-A213-CA8B9C8EDF2F}.Release|Any CPU.Build.0 = Release|Any CPU
	EndGlobalSection
	GlobalSection(SolutionProperties) = preSolution
		HideSolutionNode = FALSE
	EndGlobalSection
	GlobalSection(ExtensibilityGlobals) = postSolution
		SolutionGuid = {5366A0CF-9E1E-48C7-AEA2-0382E33D319A}
	EndGlobalSection
EndGlobal
