
Microsoft Visual Studio Solution File, Format Version 12.00
# Visual Studio Version 17
VisualStudioVersion = 17.5.33424.131
MinimumVisualStudioVersion = 10.0.40219.1
Project("{FAE04EC0-301F-11D3-BF4B-00C04F79EFBC}") = "CalculadoraMedia", "CalculadoraMedia\CalculadoraMedia.csproj", "{A4EB0A4F-276B-4679-AD73-8DA490FC32CF}"
EndProject
Global
	GlobalSection(SolutionConfigurationPlatforms) = preSolution
		Debug|Any CPU = Debug|Any CPU
		Release|Any CPU = Release|Any CPU
	EndGlobalSection
	GlobalSection(ProjectConfigurationPlatforms) = postSolution
		{A4EB0A4F-276B-4679-AD73-8DA490FC32CF}.Debug|Any CPU.ActiveCfg = Debug|Any CPU
		{A4EB0A4F-276B-4679-AD73-8DA490FC32CF}.Debug|Any CPU.Build.0 = Debug|Any CPU
		{A4EB0A4F-276B-4679-AD73-8DA490FC32CF}.Release|Any CPU.ActiveCfg = Release|Any CPU
		{A4EB0A4F-276B-4679-AD73-8DA490FC32CF}.Release|Any CPU.Build.0 = Release|Any CPU
	EndGlobalSection
	GlobalSection(SolutionProperties) = preSolution
		HideSolutionNode = FALSE
	EndGlobalSection
	GlobalSection(ExtensibilityGlobals) = postSolution
		SolutionGuid = {CDA2E296-8D61-4058-BBFA-BB5408BDEDBD}
	EndGlobalSection
EndGlobal
