
Microsoft Visual Studio Solution File, Format Version 12.00
# Visual Studio Version 17
VisualStudioVersion = 17.5.33424.131
MinimumVisualStudioVersion = 10.0.40219.1
Project("{FAE04EC0-301F-11D3-BF4B-00C04F79EFBC}") = "SomaNumerosPares", "SomaNumerosPares\SomaNumerosPares.csproj", "{96630DE7-38BC-4B92-880A-14D44EE62606}"
EndProject
Global
	GlobalSection(SolutionConfigurationPlatforms) = preSolution
		Debug|Any CPU = Debug|Any CPU
		Release|Any CPU = Release|Any CPU
	EndGlobalSection
	GlobalSection(ProjectConfigurationPlatforms) = postSolution
		{96630DE7-38BC-4B92-880A-14D44EE62606}.Debug|Any CPU.ActiveCfg = Debug|Any CPU
		{96630DE7-38BC-4B92-880A-14D44EE62606}.Debug|Any CPU.Build.0 = Debug|Any CPU
		{96630DE7-38BC-4B92-880A-14D44EE62606}.Release|Any CPU.ActiveCfg = Release|Any CPU
		{96630DE7-38BC-4B92-880A-14D44EE62606}.Release|Any CPU.Build.0 = Release|Any CPU
	EndGlobalSection
	GlobalSection(SolutionProperties) = preSolution
		HideSolutionNode = FALSE
	EndGlobalSection
	GlobalSection(ExtensibilityGlobals) = postSolution
		SolutionGuid = {DDE21626-6948-419C-A188-1585178AFAC4}
	EndGlobalSection
EndGlobal
