
Microsoft Visual Studio Solution File, Format Version 12.00
# Visual Studio Version 17
VisualStudioVersion = 17.5.33424.131
MinimumVisualStudioVersion = 10.0.40219.1
Project("{FAE04EC0-301F-11D3-BF4B-00C04F79EFBC}") = "SimpleAverage", "SimpleAverage\SimpleAverage.csproj", "{8CD47FEB-E1E2-4F49-B415-269A9EE02F0A}"
EndProject
Global
	GlobalSection(SolutionConfigurationPlatforms) = preSolution
		Debug|Any CPU = Debug|Any CPU
		Release|Any CPU = Release|Any CPU
	EndGlobalSection
	GlobalSection(ProjectConfigurationPlatforms) = postSolution
		{8CD47FEB-E1E2-4F49-B415-269A9EE02F0A}.Debug|Any CPU.ActiveCfg = Debug|Any CPU
		{8CD47FEB-E1E2-4F49-B415-269A9EE02F0A}.Debug|Any CPU.Build.0 = Debug|Any CPU
		{8CD47FEB-E1E2-4F49-B415-269A9EE02F0A}.Release|Any CPU.ActiveCfg = Release|Any CPU
		{8CD47FEB-E1E2-4F49-B415-269A9EE02F0A}.Release|Any CPU.Build.0 = Release|Any CPU
	EndGlobalSection
	GlobalSection(SolutionProperties) = preSolution
		HideSolutionNode = FALSE
	EndGlobalSection
	GlobalSection(ExtensibilityGlobals) = postSolution
		SolutionGuid = {03830783-A6A3-4996-A2CE-A6ACDB933290}
	EndGlobalSection
EndGlobal
