
Microsoft Visual Studio Solution File, Format Version 12.00
# Visual Studio Version 17
VisualStudioVersion = 17.5.33424.131
MinimumVisualStudioVersion = 10.0.40219.1
Project("{FAE04EC0-301F-11D3-BF4B-00C04F79EFBC}") = "Average1", "Average1\Average1.csproj", "{C1C77C49-EA4F-446D-938F-C56790320EA1}"
EndProject
Global
	GlobalSection(SolutionConfigurationPlatforms) = preSolution
		Debug|Any CPU = Debug|Any CPU
		Release|Any CPU = Release|Any CPU
	EndGlobalSection
	GlobalSection(ProjectConfigurationPlatforms) = postSolution
		{C1C77C49-EA4F-446D-938F-C56790320EA1}.Debug|Any CPU.ActiveCfg = Debug|Any CPU
		{C1C77C49-EA4F-446D-938F-C56790320EA1}.Debug|Any CPU.Build.0 = Debug|Any CPU
		{C1C77C49-EA4F-446D-938F-C56790320EA1}.Release|Any CPU.ActiveCfg = Release|Any CPU
		{C1C77C49-EA4F-446D-938F-C56790320EA1}.Release|Any CPU.Build.0 = Release|Any CPU
	EndGlobalSection
	GlobalSection(SolutionProperties) = preSolution
		HideSolutionNode = FALSE
	EndGlobalSection
	GlobalSection(ExtensibilityGlobals) = postSolution
		SolutionGuid = {7BBBE353-D3A7-42E6-A516-DF08973A2B7D}
	EndGlobalSection
EndGlobal
